// !$*UTF8*$!
{
	archiveVersion = 1;
	classes = {
	};
	objectVersion = 50;
	objects = {

/* Begin PBXBuildFile section */
		C249BDCA3B47D3A9D12B65D5 /* Pods_PlaidTest.framework in Frameworks */ = {isa = PBXBuildFile; fileRef = 6902F31B888A42C61D78E7DC /* Pods_PlaidTest.framework */; };
		D1B62953D1DC39ED336F3536 /* Pods_PlaidTestTests.framework in Frameworks */ = {isa = PBXBuildFile; fileRef = 5E3D5785B75F52A746BFB6FF /* Pods_PlaidTestTests.framework */; };
		FEE4823F219373C400C664B7 /* AppDelegate.swift in Sources */ = {isa = PBXBuildFile; fileRef = FEE4823E219373C400C664B7 /* AppDelegate.swift */; };
		FEE48241219373C400C664B7 /* ViewController.swift in Sources */ = {isa = PBXBuildFile; fileRef = FEE48240219373C400C664B7 /* ViewController.swift */; };
		FEE48244219373C400C664B7 /* Main.storyboard in Resources */ = {isa = PBXBuildFile; fileRef = FEE48242219373C400C664B7 /* Main.storyboard */; };
		FEE48246219373C500C664B7 /* Assets.xcassets in Resources */ = {isa = PBXBuildFile; fileRef = FEE48245219373C500C664B7 /* Assets.xcassets */; };
		FEE48249219373C500C664B7 /* LaunchScreen.storyboard in Resources */ = {isa = PBXBuildFile; fileRef = FEE48247219373C500C664B7 /* LaunchScreen.storyboard */; };
		FEE4825F2193760200C664B7 /* PlaidConfigurationBuilder.swift in Sources */ = {isa = PBXBuildFile; fileRef = FEE4825E2193760200C664B7 /* PlaidConfigurationBuilder.swift */; };
		FEE482612193761200C664B7 /* PlaidConfigurationBuilderTests.swift in Sources */ = {isa = PBXBuildFile; fileRef = FEE482602193761200C664B7 /* PlaidConfigurationBuilderTests.swift */; };
/* End PBXBuildFile section */

/* Begin PBXContainerItemProxy section */
		FEE48250219373C500C664B7 /* PBXContainerItemProxy */ = {
			isa = PBXContainerItemProxy;
			containerPortal = FEE48233219373C400C664B7 /* Project object */;
			proxyType = 1;
			remoteGlobalIDString = FEE4823A219373C400C664B7;
			remoteInfo = PlaidTest;
		};
/* End PBXContainerItemProxy section */

/* Begin PBXFileReference section */
		5E3D5785B75F52A746BFB6FF /* Pods_PlaidTestTests.framework */ = {isa = PBXFileReference; explicitFileType = wrapper.framework; includeInIndex = 0; path = Pods_PlaidTestTests.framework; sourceTree = BUILT_PRODUCTS_DIR; };
		6902F31B888A42C61D78E7DC /* Pods_PlaidTest.framework */ = {isa = PBXFileReference; explicitFileType = wrapper.framework; includeInIndex = 0; path = Pods_PlaidTest.framework; sourceTree = BUILT_PRODUCTS_DIR; };
		69F5C4F55B23E057FFB48208 /* Pods-PlaidTest.release.xcconfig */ = {isa = PBXFileReference; includeInIndex = 1; lastKnownFileType = text.xcconfig; name = "Pods-PlaidTest.release.xcconfig"; path = "Pods/Target Support Files/Pods-PlaidTest/Pods-PlaidTest.release.xcconfig"; sourceTree = "<group>"; };
		8183E191C70D897C0D7C9720 /* Pods-PlaidTestTests.debug.xcconfig */ = {isa = PBXFileReference; includeInIndex = 1; lastKnownFileType = text.xcconfig; name = "Pods-PlaidTestTests.debug.xcconfig"; path = "Pods/Target Support Files/Pods-PlaidTestTests/Pods-PlaidTestTests.debug.xcconfig"; sourceTree = "<group>"; };
		DD8C6E3F03E38F1371EB544B /* Pods-PlaidTest.debug.xcconfig */ = {isa = PBXFileReference; includeInIndex = 1; lastKnownFileType = text.xcconfig; name = "Pods-PlaidTest.debug.xcconfig"; path = "Pods/Target Support Files/Pods-PlaidTest/Pods-PlaidTest.debug.xcconfig"; sourceTree = "<group>"; };
		FEE4823B219373C400C664B7 /* PlaidTest.app */ = {isa = PBXFileReference; explicitFileType = wrapper.application; includeInIndex = 0; path = PlaidTest.app; sourceTree = BUILT_PRODUCTS_DIR; };
		FEE4823E219373C400C664B7 /* AppDelegate.swift */ = {isa = PBXFileReference; lastKnownFileType = sourcecode.swift; path = AppDelegate.swift; sourceTree = "<group>"; };
		FEE48240219373C400C664B7 /* ViewController.swift */ = {isa = PBXFileReference; lastKnownFileType = sourcecode.swift; path = ViewController.swift; sourceTree = "<group>"; };
		FEE48243219373C400C664B7 /* Base */ = {isa = PBXFileReference; lastKnownFileType = file.storyboard; name = Base; path = Base.lproj/Main.storyboard; sourceTree = "<group>"; };
		FEE48245219373C500C664B7 /* Assets.xcassets */ = {isa = PBXFileReference; lastKnownFileType = folder.assetcatalog; path = Assets.xcassets; sourceTree = "<group>"; };
		FEE48248219373C500C664B7 /* Base */ = {isa = PBXFileReference; lastKnownFileType = file.storyboard; name = Base; path = Base.lproj/LaunchScreen.storyboard; sourceTree = "<group>"; };
		FEE4824A219373C500C664B7 /* Info.plist */ = {isa = PBXFileReference; lastKnownFileType = text.plist.xml; path = Info.plist; sourceTree = "<group>"; };
		FEE4824F219373C500C664B7 /* PlaidTestTests.xctest */ = {isa = PBXFileReference; explicitFileType = wrapper.cfbundle; includeInIndex = 0; path = PlaidTestTests.xctest; sourceTree = BUILT_PRODUCTS_DIR; };
		FEE48255219373C500C664B7 /* Info.plist */ = {isa = PBXFileReference; lastKnownFileType = text.plist.xml; path = Info.plist; sourceTree = "<group>"; };
		FEE4825E2193760200C664B7 /* PlaidConfigurationBuilder.swift */ = {isa = PBXFileReference; lastKnownFileType = sourcecode.swift; path = PlaidConfigurationBuilder.swift; sourceTree = "<group>"; };
		FEE482602193761200C664B7 /* PlaidConfigurationBuilderTests.swift */ = {isa = PBXFileReference; lastKnownFileType = sourcecode.swift; path = PlaidConfigurationBuilderTests.swift; sourceTree = "<group>"; };
		FF4DB1AD6596898EF75F435B /* Pods-PlaidTestTests.release.xcconfig */ = {isa = PBXFileReference; includeInIndex = 1; lastKnownFileType = text.xcconfig; name = "Pods-PlaidTestTests.release.xcconfig"; path = "Pods/Target Support Files/Pods-PlaidTestTests/Pods-PlaidTestTests.release.xcconfig"; sourceTree = "<group>"; };
/* End PBXFileReference section */

/* Begin PBXFrameworksBuildPhase section */
		FEE48238219373C400C664B7 /* Frameworks */ = {
			isa = PBXFrameworksBuildPhase;
			buildActionMask = 2147483647;
			files = (
				C249BDCA3B47D3A9D12B65D5 /* Pods_PlaidTest.framework in Frameworks */,
			);
			runOnlyForDeploymentPostprocessing = 0;
		};
		FEE4824C219373C500C664B7 /* Frameworks */ = {
			isa = PBXFrameworksBuildPhase;
			buildActionMask = 2147483647;
			files = (
				D1B62953D1DC39ED336F3536 /* Pods_PlaidTestTests.framework in Frameworks */,
			);
			runOnlyForDeploymentPostprocessing = 0;
		};
/* End PBXFrameworksBuildPhase section */

/* Begin PBXGroup section */
		85C47AFCE81679D046925BE2 /* Pods */ = {
			isa = PBXGroup;
			children = (
				DD8C6E3F03E38F1371EB544B /* Pods-PlaidTest.debug.xcconfig */,
				69F5C4F55B23E057FFB48208 /* Pods-PlaidTest.release.xcconfig */,
				8183E191C70D897C0D7C9720 /* Pods-PlaidTestTests.debug.xcconfig */,
				FF4DB1AD6596898EF75F435B /* Pods-PlaidTestTests.release.xcconfig */,
			);
			name = Pods;
			sourceTree = "<group>";
		};
		A5D0999D680C154B446585B3 /* Frameworks */ = {
			isa = PBXGroup;
			children = (
				6902F31B888A42C61D78E7DC /* Pods_PlaidTest.framework */,
				5E3D5785B75F52A746BFB6FF /* Pods_PlaidTestTests.framework */,
			);
			name = Frameworks;
			sourceTree = "<group>";
		};
		FEE48232219373C400C664B7 = {
			isa = PBXGroup;
			children = (
				FEE4823D219373C400C664B7 /* PlaidTest */,
				FEE48252219373C500C664B7 /* PlaidTestTests */,
				FEE4823C219373C400C664B7 /* Products */,
				85C47AFCE81679D046925BE2 /* Pods */,
				A5D0999D680C154B446585B3 /* Frameworks */,
			);
			sourceTree = "<group>";
		};
		FEE4823C219373C400C664B7 /* Products */ = {
			isa = PBXGroup;
			children = (
				FEE4823B219373C400C664B7 /* PlaidTest.app */,
				FEE4824F219373C500C664B7 /* PlaidTestTests.xctest */,
			);
			name = Products;
			sourceTree = "<group>";
		};
		FEE4823D219373C400C664B7 /* PlaidTest */ = {
			isa = PBXGroup;
			children = (
				FEE4823E219373C400C664B7 /* AppDelegate.swift */,
				FEE48240219373C400C664B7 /* ViewController.swift */,
				FEE48242219373C400C664B7 /* Main.storyboard */,
				FEE48245219373C500C664B7 /* Assets.xcassets */,
				FEE48247219373C500C664B7 /* LaunchScreen.storyboard */,
				FEE4824A219373C500C664B7 /* Info.plist */,
				FEE4825E2193760200C664B7 /* PlaidConfigurationBuilder.swift */,
			);
			path = PlaidTest;
			sourceTree = "<group>";
		};
		FEE48252219373C500C664B7 /* PlaidTestTests */ = {
			isa = PBXGroup;
			children = (
				FEE48255219373C500C664B7 /* Info.plist */,
				FEE482602193761200C664B7 /* PlaidConfigurationBuilderTests.swift */,
			);
			path = PlaidTestTests;
			sourceTree = "<group>";
		};
/* End PBXGroup section */

/* Begin PBXNativeTarget section */
		FEE4823A219373C400C664B7 /* PlaidTest */ = {
			isa = PBXNativeTarget;
			buildConfigurationList = FEE48258219373C500C664B7 /* Build configuration list for PBXNativeTarget "PlaidTest" */;
			buildPhases = (
				86F0C856FFB6A47EA57CA2C6 /* [CP] Check Pods Manifest.lock */,
				FEE48237219373C400C664B7 /* Sources */,
				FEE48238219373C400C664B7 /* Frameworks */,
				FEE48239219373C400C664B7 /* Resources */,
				DA44309DD38B03A0C1B035DB /* [CP] Embed Pods Frameworks */,
				23D58C0ED65CDC40757C3EE3 /* [CP] Copy Pods Resources */,
			);
			buildRules = (
			);
			dependencies = (
			);
			name = PlaidTest;
			productName = PlaidTest;
			productReference = FEE4823B219373C400C664B7 /* PlaidTest.app */;
			productType = "com.apple.product-type.application";
		};
		FEE4824E219373C500C664B7 /* PlaidTestTests */ = {
			isa = PBXNativeTarget;
			buildConfigurationList = FEE4825B219373C500C664B7 /* Build configuration list for PBXNativeTarget "PlaidTestTests" */;
			buildPhases = (
				D15ACDA8C9B805189C8298D0 /* [CP] Check Pods Manifest.lock */,
				FEE4824B219373C500C664B7 /* Sources */,
				FEE4824C219373C500C664B7 /* Frameworks */,
				FEE4824D219373C500C664B7 /* Resources */,
				0812F9EE0AA970069846686F /* [CP] Embed Pods Frameworks */,
				DFB6BEEB334B3F193501DC17 /* [CP] Copy Pods Resources */,
			);
			buildRules = (
			);
			dependencies = (
				FEE48251219373C500C664B7 /* PBXTargetDependency */,
			);
			name = PlaidTestTests;
			productName = PlaidTestTests;
			productReference = FEE4824F219373C500C664B7 /* PlaidTestTests.xctest */;
			productType = "com.apple.product-type.bundle.unit-test";
		};
/* End PBXNativeTarget section */

/* Begin PBXProject section */
		FEE48233219373C400C664B7 /* Project object */ = {
			isa = PBXProject;
			attributes = {
				LastSwiftUpdateCheck = 1000;
				LastUpgradeCheck = 1000;
				ORGANIZATIONNAME = AlexPlaidTest;
				TargetAttributes = {
					FEE4823A219373C400C664B7 = {
						CreatedOnToolsVersion = 10.0;
					};
					FEE4824E219373C500C664B7 = {
						CreatedOnToolsVersion = 10.0;
						TestTargetID = FEE4823A219373C400C664B7;
					};
				};
			};
			buildConfigurationList = FEE48236219373C400C664B7 /* Build configuration list for PBXProject "PlaidTest" */;
			compatibilityVersion = "Xcode 9.3";
			developmentRegion = en;
			hasScannedForEncodings = 0;
			knownRegions = (
				en,
				Base,
			);
			mainGroup = FEE48232219373C400C664B7;
			productRefGroup = FEE4823C219373C400C664B7 /* Products */;
			projectDirPath = "";
			projectRoot = "";
			targets = (
				FEE4823A219373C400C664B7 /* PlaidTest */,
				FEE4824E219373C500C664B7 /* PlaidTestTests */,
			);
		};
/* End PBXProject section */

/* Begin PBXResourcesBuildPhase section */
		FEE48239219373C400C664B7 /* Resources */ = {
			isa = PBXResourcesBuildPhase;
			buildActionMask = 2147483647;
			files = (
				FEE48249219373C500C664B7 /* LaunchScreen.storyboard in Resources */,
				FEE48246219373C500C664B7 /* Assets.xcassets in Resources */,
				FEE48244219373C400C664B7 /* Main.storyboard in Resources */,
			);
			runOnlyForDeploymentPostprocessing = 0;
		};
		FEE4824D219373C500C664B7 /* Resources */ = {
			isa = PBXResourcesBuildPhase;
			buildActionMask = 2147483647;
			files = (
			);
			runOnlyForDeploymentPostprocessing = 0;
		};
/* End PBXResourcesBuildPhase section */

/* Begin PBXShellScriptBuildPhase section */
		0812F9EE0AA970069846686F /* [CP] Embed Pods Frameworks */ = {
			isa = PBXShellScriptBuildPhase;
			buildActionMask = 2147483647;
			files = (
			);
			inputFileListPaths = (
			);
			inputPaths = (
			);
			name = "[CP] Embed Pods Frameworks";
			outputFileListPaths = (
			);
			outputPaths = (
			);
			runOnlyForDeploymentPostprocessing = 0;
			shellPath = /bin/sh;
			shellScript = "\"${SRCROOT}/Pods/Target Support Files/Pods-PlaidTestTests/Pods-PlaidTestTests-frameworks.sh\"\n";
			showEnvVarsInLog = 0;
		};
		23D58C0ED65CDC40757C3EE3 /* [CP] Copy Pods Resources */ = {
			isa = PBXShellScriptBuildPhase;
			buildActionMask = 2147483647;
			files = (
			);
			inputFileListPaths = (
			);
			inputPaths = (
			);
			name = "[CP] Copy Pods Resources";
			outputFileListPaths = (
			);
			outputPaths = (
			);
			runOnlyForDeploymentPostprocessing = 0;
			shellPath = /bin/sh;
			shellScript = "\"${SRCROOT}/Pods/Target Support Files/Pods-PlaidTest/Pods-PlaidTest-resources.sh\"\n";
			showEnvVarsInLog = 0;
		};
		86F0C856FFB6A47EA57CA2C6 /* [CP] Check Pods Manifest.lock */ = {
			isa = PBXShellScriptBuildPhase;
			buildActionMask = 2147483647;
			files = (
			);
			inputFileListPaths = (
			);
			inputPaths = (
				"${PODS_PODFILE_DIR_PATH}/Podfile.lock",
				"${PODS_ROOT}/Manifest.lock",
			);
			name = "[CP] Check Pods Manifest.lock";
			outputFileListPaths = (
			);
			outputPaths = (
				"$(DERIVED_FILE_DIR)/Pods-PlaidTest-checkManifestLockResult.txt",
			);
			runOnlyForDeploymentPostprocessing = 0;
			shellPath = /bin/sh;
			shellScript = "diff \"${PODS_PODFILE_DIR_PATH}/Podfile.lock\" \"${PODS_ROOT}/Manifest.lock\" > /dev/null\nif [ $? != 0 ] ; then\n    # print error to STDERR\n    echo \"error: The sandbox is not in sync with the Podfile.lock. Run 'pod install' or update your CocoaPods installation.\" >&2\n    exit 1\nfi\n# This output is used by Xcode 'outputs' to avoid re-running this script phase.\necho \"SUCCESS\" > \"${SCRIPT_OUTPUT_FILE_0}\"\n";
			showEnvVarsInLog = 0;
		};
		D15ACDA8C9B805189C8298D0 /* [CP] Check Pods Manifest.lock */ = {
			isa = PBXShellScriptBuildPhase;
			buildActionMask = 2147483647;
			files = (
			);
			inputFileListPaths = (
			);
			inputPaths = (
				"${PODS_PODFILE_DIR_PATH}/Podfile.lock",
				"${PODS_ROOT}/Manifest.lock",
			);
			name = "[CP] Check Pods Manifest.lock";
			outputFileListPaths = (
			);
			outputPaths = (
				"$(DERIVED_FILE_DIR)/Pods-PlaidTestTests-checkManifestLockResult.txt",
			);
			runOnlyForDeploymentPostprocessing = 0;
			shellPath = /bin/sh;
			shellScript = "diff \"${PODS_PODFILE_DIR_PATH}/Podfile.lock\" \"${PODS_ROOT}/Manifest.lock\" > /dev/null\nif [ $? != 0 ] ; then\n    # print error to STDERR\n    echo \"error: The sandbox is not in sync with the Podfile.lock. Run 'pod install' or update your CocoaPods installation.\" >&2\n    exit 1\nfi\n# This output is used by Xcode 'outputs' to avoid re-running this script phase.\necho \"SUCCESS\" > \"${SCRIPT_OUTPUT_FILE_0}\"\n";
			showEnvVarsInLog = 0;
		};
		DA44309DD38B03A0C1B035DB /* [CP] Embed Pods Frameworks */ = {
			isa = PBXShellScriptBuildPhase;
			buildActionMask = 2147483647;
			files = (
			);
			inputFileListPaths = (
			);
			inputPaths = (
				"${SRCROOT}/Pods/Target Support Files/Pods-PlaidTest/Pods-PlaidTest-frameworks.sh",
				"${PODS_ROOT}/Plaid/ios/LinkKit.framework",
			);
			name = "[CP] Embed Pods Frameworks";
			outputFileListPaths = (
			);
			outputPaths = (
				"${TARGET_BUILD_DIR}/${FRAMEWORKS_FOLDER_PATH}/LinkKit.framework",
			);
			runOnlyForDeploymentPostprocessing = 0;
			shellPath = /bin/sh;
			shellScript = "\"${SRCROOT}/Pods/Target Support Files/Pods-PlaidTest/Pods-PlaidTest-frameworks.sh\"\n";
			showEnvVarsInLog = 0;
		};
		DFB6BEEB334B3F193501DC17 /* [CP] Copy Pods Resources */ = {
			isa = PBXShellScriptBuildPhase;
			buildActionMask = 2147483647;
			files = (
			);
			inputFileListPaths = (
			);
			inputPaths = (
			);
			name = "[CP] Copy Pods Resources";
			outputFileListPaths = (
			);
			outputPaths = (
			);
			runOnlyForDeploymentPostprocessing = 0;
			shellPath = /bin/sh;
			shellScript = "\"${SRCROOT}/Pods/Target Support Files/Pods-PlaidTestTests/Pods-PlaidTestTests-resources.sh\"\n";
			showEnvVarsInLog = 0;
		};
/* End PBXShellScriptBuildPhase section */

/* Begin PBXSourcesBuildPhase section */
		FEE48237219373C400C664B7 /* Sources */ = {
			isa = PBXSourcesBuildPhase;
			buildActionMask = 2147483647;
			files = (
				FEE48241219373C400C664B7 /* ViewController.swift in Sources */,
				FEE4823F219373C400C664B7 /* AppDelegate.swift in Sources */,
				FEE4825F2193760200C664B7 /* PlaidConfigurationBuilder.swift in Sources */,
			);
			runOnlyForDeploymentPostprocessing = 0;
		};
		FEE4824B219373C500C664B7 /* Sources */ = {
			isa = PBXSourcesBuildPhase;
			buildActionMask = 2147483647;
			files = (
				FEE482612193761200C664B7 /* PlaidConfigurationBuilderTests.swift in Sources */,
			);
			runOnlyForDeploymentPostprocessing = 0;
		};
/* End PBXSourcesBuildPhase section */

/* Begin PBXTargetDependency section */
		FEE48251219373C500C664B7 /* PBXTargetDependency */ = {
			isa = PBXTargetDependency;
			target = FEE4823A219373C400C664B7 /* PlaidTest */;
			targetProxy = FEE48250219373C500C664B7 /* PBXContainerItemProxy */;
		};
/* End PBXTargetDependency section */

/* Begin PBXVariantGroup section */
		FEE48242219373C400C664B7 /* Main.storyboard */ = {
			isa = PBXVariantGroup;
			children = (
				FEE48243219373C400C664B7 /* Base */,
			);
			name = Main.storyboard;
			sourceTree = "<group>";
		};
		FEE48247219373C500C664B7 /* LaunchScreen.storyboard */ = {
			isa = PBXVariantGroup;
			children = (
				FEE48248219373C500C664B7 /* Base */,
			);
			name = LaunchScreen.storyboard;
			sourceTree = "<group>";
		};
/* End PBXVariantGroup section */

/* Begin XCBuildConfiguration section */
		FEE48256219373C500C664B7 /* Debug */ = {
			isa = XCBuildConfiguration;
			buildSettings = {
				ALWAYS_SEARCH_USER_PATHS = NO;
				CLANG_ANALYZER_NONNULL = YES;
				CLANG_ANALYZER_NUMBER_OBJECT_CONVERSION = YES_AGGRESSIVE;
				CLANG_CXX_LANGUAGE_STANDARD = "gnu++14";
				CLANG_CXX_LIBRARY = "libc++";
				CLANG_ENABLE_MODULES = YES;
				CLANG_ENABLE_OBJC_ARC = YES;
				CLANG_ENABLE_OBJC_WEAK = YES;
				CLANG_WARN_BLOCK_CAPTURE_AUTORELEASING = YES;
				CLANG_WARN_BOOL_CONVERSION = YES;
				CLANG_WARN_COMMA = YES;
				CLANG_WARN_CONSTANT_CONVERSION = YES;
				CLANG_WARN_DEPRECATED_OBJC_IMPLEMENTATIONS = YES;
				CLANG_WARN_DIRECT_OBJC_ISA_USAGE = YES_ERROR;
				CLANG_WARN_DOCUMENTATION_COMMENTS = YES;
				CLANG_WARN_EMPTY_BODY = YES;
				CLANG_WARN_ENUM_CONVERSION = YES;
				CLANG_WARN_INFINITE_RECURSION = YES;
				CLANG_WARN_INT_CONVERSION = YES;
				CLANG_WARN_NON_LITERAL_NULL_CONVERSION = YES;
				CLANG_WARN_OBJC_IMPLICIT_RETAIN_SELF = YES;
				CLANG_WARN_OBJC_LITERAL_CONVERSION = YES;
				CLANG_WARN_OBJC_ROOT_CLASS = YES_ERROR;
				CLANG_WARN_RANGE_LOOP_ANALYSIS = YES;
				CLANG_WARN_STRICT_PROTOTYPES = YES;
				CLANG_WARN_SUSPICIOUS_MOVE = YES;
				CLANG_WARN_UNGUARDED_AVAILABILITY = YES_AGGRESSIVE;
				CLANG_WARN_UNREACHABLE_CODE = YES;
				CLANG_WARN__DUPLICATE_METHOD_MATCH = YES;
				CODE_SIGN_IDENTITY = "iPhone Developer";
				COPY_PHASE_STRIP = NO;
				DEBUG_INFORMATION_FORMAT = dwarf;
				ENABLE_STRICT_OBJC_MSGSEND = YES;
				ENABLE_TESTABILITY = YES;
				GCC_C_LANGUAGE_STANDARD = gnu11;
				GCC_DYNAMIC_NO_PIC = NO;
				GCC_NO_COMMON_BLOCKS = YES;
				GCC_OPTIMIZATION_LEVEL = 0;
				GCC_PREPROCESSOR_DEFINITIONS = (
					"DEBUG=1",
					"$(inherited)",
				);
				GCC_WARN_64_TO_32_BIT_CONVERSION = YES;
				GCC_WARN_ABOUT_RETURN_TYPE = YES_ERROR;
				GCC_WARN_UNDECLARED_SELECTOR = YES;
				GCC_WARN_UNINITIALIZED_AUTOS = YES_AGGRESSIVE;
				GCC_WARN_UNUSED_FUNCTION = YES;
				GCC_WARN_UNUSED_VARIABLE = YES;
				IPHONEOS_DEPLOYMENT_TARGET = 10.3;
				MTL_ENABLE_DEBUG_INFO = INCLUDE_SOURCE;
				MTL_FAST_MATH = YES;
				ONLY_ACTIVE_ARCH = YES;
				SDKROOT = iphoneos;
				SWIFT_ACTIVE_COMPILATION_CONDITIONS = DEBUG;
				SWIFT_OPTIMIZATION_LEVEL = "-Onone";
			};
			name = Debug;
		};
		FEE48257219373C500C664B7 /* Release */ = {
			isa = XCBuildConfiguration;
			buildSettings = {
				ALWAYS_SEARCH_USER_PATHS = NO;
				CLANG_ANALYZER_NONNULL = YES;
				CLANG_ANALYZER_NUMBER_OBJECT_CONVERSION = YES_AGGRESSIVE;
				CLANG_CXX_LANGUAGE_STANDARD = "gnu++14";
				CLANG_CXX_LIBRARY = "libc++";
				CLANG_ENABLE_MODULES = YES;
				CLANG_ENABLE_OBJC_ARC = YES;
				CLANG_ENABLE_OBJC_WEAK = YES;
				CLANG_WARN_BLOCK_CAPTURE_AUTORELEASING = YES;
				CLANG_WARN_BOOL_CONVERSION = YES;
				CLANG_WARN_COMMA = YES;
				CLANG_WARN_CONSTANT_CONVERSION = YES;
				CLANG_WARN_DEPRECATED_OBJC_IMPLEMENTATIONS = YES;
				CLANG_WARN_DIRECT_OBJC_ISA_USAGE = YES_ERROR;
				CLANG_WARN_DOCUMENTATION_COMMENTS = YES;
				CLANG_WARN_EMPTY_BODY = YES;
				CLANG_WARN_ENUM_CONVERSION = YES;
				CLANG_WARN_INFINITE_RECURSION = YES;
				CLANG_WARN_INT_CONVERSION = YES;
				CLANG_WARN_NON_LITERAL_NULL_CONVERSION = YES;
				CLANG_WARN_OBJC_IMPLICIT_RETAIN_SELF = YES;
				CLANG_WARN_OBJC_LITERAL_CONVERSION = YES;
				CLANG_WARN_OBJC_ROOT_CLASS = YES_ERROR;
				CLANG_WARN_RANGE_LOOP_ANALYSIS = YES;
				CLANG_WARN_STRICT_PROTOTYPES = YES;
				CLANG_WARN_SUSPICIOUS_MOVE = YES;
				CLANG_WARN_UNGUARDED_AVAILABILITY = YES_AGGRESSIVE;
				CLANG_WARN_UNREACHABLE_CODE = YES;
				CLANG_WARN__DUPLICATE_METHOD_MATCH = YES;
				CODE_SIGN_IDENTITY = "iPhone Developer";
				COPY_PHASE_STRIP = NO;
				DEBUG_INFORMATION_FORMAT = "dwarf-with-dsym";
				ENABLE_NS_ASSERTIONS = NO;
				ENABLE_STRICT_OBJC_MSGSEND = YES;
				GCC_C_LANGUAGE_STANDARD = gnu11;
				GCC_NO_COMMON_BLOCKS = YES;
				GCC_WARN_64_TO_32_BIT_CONVERSION = YES;
				GCC_WARN_ABOUT_RETURN_TYPE = YES_ERROR;
				GCC_WARN_UNDECLARED_SELECTOR = YES;
				GCC_WARN_UNINITIALIZED_AUTOS = YES_AGGRESSIVE;
				GCC_WARN_UNUSED_FUNCTION = YES;
				GCC_WARN_UNUSED_VARIABLE = YES;
				IPHONEOS_DEPLOYMENT_TARGET = 10.3;
				MTL_ENABLE_DEBUG_INFO = NO;
				MTL_FAST_MATH = YES;
				SDKROOT = iphoneos;
				SWIFT_COMPILATION_MODE = wholemodule;
				SWIFT_OPTIMIZATION_LEVEL = "-O";
				VALIDATE_PRODUCT = YES;
			};
			name = Release;
		};
		FEE48259219373C500C664B7 /* Debug */ = {
			isa = XCBuildConfiguration;
			baseConfigurationReference = DD8C6E3F03E38F1371EB544B /* Pods-PlaidTest.debug.xcconfig */;
			buildSettings = {
				ASSETCATALOG_COMPILER_APPICON_NAME = AppIcon;
				CODE_SIGN_STYLE = Manual;
				DEVELOPMENT_TEAM = "";
				INFOPLIST_FILE = PlaidTest/Info.plist;
				LD_RUNPATH_SEARCH_PATHS = (
					"$(inherited)",
					"@executable_path/Frameworks",
				);
				PRODUCT_BUNDLE_IDENTIFIER = com.alexPlaidTest.PlaidTest;
				PRODUCT_NAME = "$(TARGET_NAME)";
				PROVISIONING_PROFILE_SPECIFIER = "";
				SWIFT_VERSION = 4.2;
				TARGETED_DEVICE_FAMILY = "1,2";
			};
			name = Debug;
		};
		FEE4825A219373C500C664B7 /* Release */ = {
			isa = XCBuildConfiguration;
			baseConfigurationReference = 69F5C4F55B23E057FFB48208 /* Pods-PlaidTest.release.xcconfig */;
			buildSettings = {
				ASSETCATALOG_COMPILER_APPICON_NAME = AppIcon;
				CODE_SIGN_STYLE = Manual;
				DEVELOPMENT_TEAM = "";
				INFOPLIST_FILE = PlaidTest/Info.plist;
				LD_RUNPATH_SEARCH_PATHS = (
					"$(inherited)",
					"@executable_path/Frameworks",
				);
				PRODUCT_BUNDLE_IDENTIFIER = com.alexPlaidTest.PlaidTest;
				PRODUCT_NAME = "$(TARGET_NAME)";
				PROVISIONING_PROFILE_SPECIFIER = "";
				SWIFT_VERSION = 4.2;
				TARGETED_DEVICE_FAMILY = "1,2";
			};
			name = Release;
		};
		FEE4825C219373C500C664B7 /* Debug */ = {
			isa = XCBuildConfiguration;
			baseConfigurationReference = 8183E191C70D897C0D7C9720 /* Pods-PlaidTestTests.debug.xcconfig */;
			buildSettings = {
				ALWAYS_EMBED_SWIFT_STANDARD_LIBRARIES = YES;
				BUNDLE_LOADER = "$(TEST_HOST)";
				CODE_SIGN_STYLE = Manual;
				DEVELOPMENT_TEAM = "";
				INFOPLIST_FILE = PlaidTestTests/Info.plist;
				LD_RUNPATH_SEARCH_PATHS = (
					"$(inherited)",
					"@executable_path/Frameworks",
					"@loader_path/Frameworks",
				);
				PRODUCT_BUNDLE_IDENTIFIER = com.alexPlaidTest.PlaidTestTests;
				PRODUCT_NAME = "$(TARGET_NAME)";
				PROVISIONING_PROFILE_SPECIFIER = "";
				SWIFT_VERSION = 4.2;
				TARGETED_DEVICE_FAMILY = "1,2";
				TEST_HOST = "$(BUILT_PRODUCTS_DIR)/PlaidTest.app/PlaidTest";
			};
			name = Debug;
		};
		FEE4825D219373C500C664B7 /* Release */ = {
			isa = XCBuildConfiguration;
			baseConfigurationReference = FF4DB1AD6596898EF75F435B /* Pods-PlaidTestTests.release.xcconfig */;
			buildSettings = {
				ALWAYS_EMBED_SWIFT_STANDARD_LIBRARIES = YES;
				BUNDLE_LOADER = "$(TEST_HOST)";
				CODE_SIGN_STYLE = Manual;
				DEVELOPMENT_TEAM = "";
				INFOPLIST_FILE = PlaidTestTests/Info.plist;
				LD_RUNPATH_SEARCH_PATHS = (
					"$(inherited)",
					"@executable_path/Frameworks",
					"@loader_path/Frameworks",
				);
				PRODUCT_BUNDLE_IDENTIFIER = com.alexPlaidTest.PlaidTestTests;
				PRODUCT_NAME = "$(TARGET_NAME)";
				PROVISIONING_PROFILE_SPECIFIER = "";
				SWIFT_VERSION = 4.2;
				TARGETED_DEVICE_FAMILY = "1,2";
				TEST_HOST = "$(BUILT_PRODUCTS_DIR)/PlaidTest.app/PlaidTest";
			};
			name = Release;
		};
/* End XCBuildConfiguration section */

/* Begin XCConfigurationList section */
		FEE48236219373C400C664B7 /* Build configuration list for PBXProject "PlaidTest" */ = {
			isa = XCConfigurationList;
			buildConfigurations = (
				FEE48256219373C500C664B7 /* Debug */,
				FEE48257219373C500C664B7 /* Release */,
			);
			defaultConfigurationIsVisible = 0;
			defaultConfigurationName = Release;
		};
		FEE48258219373C500C664B7 /* Build configuration list for PBXNativeTarget "PlaidTest" */ = {
			isa = XCConfigurationList;
			buildConfigurations = (
				FEE48259219373C500C664B7 /* Debug */,
				FEE4825A219373C500C664B7 /* Release */,
			);
			defaultConfigurationIsVisible = 0;
			defaultConfigurationName = Release;
		};
		FEE4825B219373C500C664B7 /* Build configuration list for PBXNativeTarget "PlaidTestTests" */ = {
			isa = XCConfigurationList;
			buildConfigurations = (
				FEE4825C219373C500C664B7 /* Debug */,
				FEE4825D219373C500C664B7 /* Release */,
			);
			defaultConfigurationIsVisible = 0;
			defaultConfigurationName = Release;
		};
/* End XCConfigurationList section */
	};
	rootObject = FEE48233219373C400C664B7 /* Project object */;
}
